
Microsoft Visual Studio Solution File, Format Version 12.00
# Visual Studio 2013
VisualStudioVersion = 12.0.40629.0
MinimumVisualStudioVersion = 10.0.40219.1
Project("{8BC9CEB8-8B4A-11D0-8D11-00A0C91BC942}") = "Win32 Console", "Win32 Console\Win32 Console.vcxproj", "{B55E0470-4E78-40D7-BB67-AE1D78ADBDDA}"
EndProject
Project("{8BC9CEB8-8B4A-11D0-8D11-00A0C91BC942}") = "7.5 igranje", "7.5 igranje\7.5 igranje.vcxproj", "{10290C86-4AEA-458F-ABE9-E44C168A4080}"
EndProject
Global
	GlobalSection(SolutionConfigurationPlatforms) = preSolution
		Debug|Win32 = Debug|Win32
		Debug|x64 = Debug|x64
		Release|Win32 = Release|Win32
		Release|x64 = Release|x64
	EndGlobalSection
	GlobalSection(ProjectConfigurationPlatforms) = postSolution
		{B55E0470-4E78-40D7-BB67-AE1D78ADBDDA}.Debug|Win32.ActiveCfg = Debug|Win32
		{B55E0470-4E78-40D7-BB67-AE1D78ADBDDA}.Debug|Win32.Build.0 = Debug|Win32
		{B55E0470-4E78-40D7-BB67-AE1D78ADBDDA}.Debug|x64.ActiveCfg = Debug|Win32
		{B55E0470-4E78-40D7-BB67-AE1D78ADBDDA}.Release|Win32.ActiveCfg = Release|Win32
		{B55E0470-4E78-40D7-BB67-AE1D78ADBDDA}.Release|Win32.Build.0 = Release|Win32
		{B55E0470-4E78-40D7-BB67-AE1D78ADBDDA}.Release|x64.ActiveCfg = Release|Win32
		{10290C86-4AEA-458F-ABE9-E44C168A4080}.Debug|Win32.ActiveCfg = Debug|Win32
		{10290C86-4AEA-458F-ABE9-E44C168A4080}.Debug|Win32.Build.0 = Debug|Win32
		{10290C86-4AEA-458F-ABE9-E44C168A4080}.Debug|x64.ActiveCfg = Debug|x64
		{10290C86-4AEA-458F-ABE9-E44C168A4080}.Debug|x64.Build.0 = Debug|x64
		{10290C86-4AEA-458F-ABE9-E44C168A4080}.Release|Win32.ActiveCfg = Release|Win32
		{10290C86-4AEA-458F-ABE9-E44C168A4080}.Release|Win32.Build.0 = Release|Win32
		{10290C86-4AEA-458F-ABE9-E44C168A4080}.Release|x64.ActiveCfg = Release|x64
		{10290C86-4AEA-458F-ABE9-E44C168A4080}.Release|x64.Build.0 = Release|x64
	EndGlobalSection
	GlobalSection(SolutionProperties) = preSolution
		HideSolutionNode = FALSE
	EndGlobalSection
EndGlobal
