<?xml version="1.0" encoding="utf-8"?>
<Project ToolsVersion="4.0" xmlns="http://schemas.microsoft.com/developer/msbuild/2003">
  <ItemGroup>
    <Filter Include="Source Files">
      <UniqueIdentifier>{4FC737F1-C7A5-4376-A066-2A32D752A2FF}</UniqueIdentifier>
      <Extensions>cpp;c;cc;cxx;def;odl;idl;hpj;bat;asm;asmx</Extensions>
    </Filter>
    <Filter Include="Header Files">
      <UniqueIdentifier>{93995380-89BD-4b04-88EB-625FBE52EBFB}</UniqueIdentifier>
      <Extensions>h;hh;hpp;hxx;hm;inl;inc;xsd</Extensions>
    </Filter>
    <Filter Include="Resource Files">
      <UniqueIdentifier>{67DA6AB6-F800-4c08-8B7A-83BB121AAD01}</UniqueIdentifier>
      <Extensions>rc;ico;cur;bmp;dlg;rc2;rct;bin;rgs;gif;jpg;jpeg;jpe;resx;tiff;tif;png;wav;mfcribbon-ms</Extensions>
    </Filter>
  </ItemGroup>
  <ItemGroup>
    <Text Include="ReadMe.txt" />
    <Text Include="1451128547seqIntelReleasev2[avx2,o1].log" />
    <Text Include="1451131405seqIntelReleasev2[avx2,o2].log" />
    <Text Include="1451134055seqIntelReleasev2[avx2,Ox].log" />
    <Text Include="1451136650seqIntelReleasev2[avx2,O3].log" />
    <Text Include="1451139495seqIntelReleasev2[avx2,O3,oi].log" />
  </ItemGroup>
  <ItemGroup>
    <ClInclude Include="stdafx.h">
      <Filter>Header Files</Filter>
    </ClInclude>
    <ClInclude Include="targetver.h">
      <Filter>Header Files</Filter>
    </ClInclude>
    <ClInclude Include="tinydir.h">
      <Filter>Header Files</Filter>
    </ClInclude>
  </ItemGroup>
  <ItemGroup>
    <ClCompile Include="stdafx.cpp">
      <Filter>Source Files</Filter>
    </ClCompile>
    <ClCompile Include="Win32 Console.cpp">
      <Filter>Source Files</Filter>
    </ClCompile>
  </ItemGroup>
  <ItemGroup>
    <None Include="simple.graph" />
    <None Include="Input\af_shell9.graph" />
    <None Include="Input\af_shell10.graph" />
    <None Include="Input\asia.osm.graph" />
    <None Include="Input\audikw1.graph" />
    <None Include="Input\belgium.osm.graph" />
    <None Include="Input\ecology1.graph" />
    <None Include="Input\ecology2.graph" />
    <None Include="Input\europe.osm.graph" />
    <None Include="Input\germany.osm.graph" />
    <None Include="Input\kron_g500-simple-logn16.graph" />
    <None Include="Input\kron_g500-simple-logn21.graph" />
    <None Include="Input\ldoor.graph" />
    <None Include="Input\luxembourg.osm.graph" />
    <None Include="Input\nlpkkt120.graph" />
    <None Include="Input\nlpkkt160.graph" />
    <None Include="Input\rgg_n_2_15_s0.graph" />
    <None Include="Input\vsp_barth5_1Ksep_50in_5Kout.graph" />
    <None Include="Input\vsp_bcsstk30_500sep_10in_1Kout.graph" />
    <None Include="Input\vsp_befref_fxm_2_4_air02.graph" />
    <None Include="Input\vsp_bump2_e18_aa01_model1_crew1.graph" />
    <None Include="Input\vsp_c-30_data_data.graph" />
    <None Include="Input\vsp_c-60_data_cti_cs4.graph" />
    <None Include="Input\vsp_data_and_seymourl.graph" />
    <None Include="Input\vsp_finan512_scagr7-2c_rlfddd.graph" />
    <None Include="Input\vsp_mod2_pgp2_slptsk.graph" />
    <None Include="Input\vsp_model1_crew1_cr42_south31.graph" />
    <None Include="Input\vsp_msc10848_300sep_100in_1Kout.graph" />
    <None Include="Input\vsp_p0291_seymourl_iiasa.graph" />
    <None Include="Input\vsp_sctap1-2b_and_seymourl.graph" />
    <None Include="Input\vsp_south31_slptsk.graph" />
    <None Include="Input\vsp_vibrobox_scagr7-2c_rlfddd.graph" />
  </ItemGroup>
</Project>